
Microsoft Visual Studio Solution File, Format Version 12.00
# Visual Studio 14
VisualStudioVersion = 14.0.25420.1
MinimumVisualStudioVersion = 10.0.40219.1
Project("{FAE04EC0-301F-11D3-BF4B-00C04F79EFBC}") = "PlanetbaseFramework", "PlanetbaseFramework.csproj", "{74541FF9-9E89-4A95-9C9D-8215BBFACE26}"
EndProject
Project("{FAE04EC0-301F-11D3-BF4B-00C04F79EFBC}") = "Patcher", "..\Planetbase-Modpatcher\Patcher\Patcher.csproj", "{F7701414-50C4-4726-9A5B-573D181471D7}"
EndProject
Global
	GlobalSection(SolutionConfigurationPlatforms) = preSolution
		Debug|Any CPU = Debug|Any CPU
		Release|Any CPU = Release|Any CPU
	EndGlobalSection
	GlobalSection(ProjectConfigurationPlatforms) = postSolution
		{74541FF9-9E89-4A95-9C9D-8215BBFACE26}.Debug|Any CPU.ActiveCfg = Debug|Any CPU
		{74541FF9-9E89-4A95-9C9D-8215BBFACE26}.Debug|Any CPU.Build.0 = Debug|Any CPU
		{74541FF9-9E89-4A95-9C9D-8215BBFACE26}.Release|Any CPU.ActiveCfg = Release|Any CPU
		{74541FF9-9E89-4A95-9C9D-8215BBFACE26}.Release|Any CPU.Build.0 = Release|Any CPU
		{F7701414-50C4-4726-9A5B-573D181471D7}.Debug|Any CPU.ActiveCfg = Debug|Any CPU
		{F7701414-50C4-4726-9A5B-573D181471D7}.Debug|Any CPU.Build.0 = Debug|Any CPU
		{F7701414-50C4-4726-9A5B-573D181471D7}.Release|Any CPU.ActiveCfg = Release|Any CPU
		{F7701414-50C4-4726-9A5B-573D181471D7}.Release|Any CPU.Build.0 = Release|Any CPU
	EndGlobalSection
	GlobalSection(SolutionProperties) = preSolution
		HideSolutionNode = FALSE
	EndGlobalSection
EndGlobal
