
Microsoft Visual Studio Solution File, Format Version 12.00
# Visual Studio 15
VisualStudioVersion = 15.0.27130.2024
MinimumVisualStudioVersion = 10.0.40219.1
Project("{FAE04EC0-301F-11D3-BF4B-00C04F79EFBC}") = "PlanetbaseFramework", "PlanetbaseFramework.csproj", "{74541FF9-9E89-4A95-9C9D-8215BBFACE26}"
EndProject
Global
	GlobalSection(SolutionConfigurationPlatforms) = preSolution
		Debug|Any CPU = Debug|Any CPU
		Release|Any CPU = Release|Any CPU
	EndGlobalSection
	GlobalSection(ProjectConfigurationPlatforms) = postSolution
		{74541FF9-9E89-4A95-9C9D-8215BBFACE26}.Debug|Any CPU.ActiveCfg = Debug|Any CPU
		{74541FF9-9E89-4A95-9C9D-8215BBFACE26}.Debug|Any CPU.Build.0 = Debug|Any CPU
		{74541FF9-9E89-4A95-9C9D-8215BBFACE26}.Release|Any CPU.ActiveCfg = Release|Any CPU
		{74541FF9-9E89-4A95-9C9D-8215BBFACE26}.Release|Any CPU.Build.0 = Release|Any CPU
	EndGlobalSection
	GlobalSection(SolutionProperties) = preSolution
		HideSolutionNode = FALSE
	EndGlobalSection
	GlobalSection(ExtensibilityGlobals) = postSolution
		SolutionGuid = {1B4290D9-2661-4259-88F0-1C791384BED5}
	EndGlobalSection
EndGlobal
